{"analyzerVersion":"0.2.0","generatorVersion":"0.1.0-alpha.30","inputHash":"126f7f78b3bd4495b73c6a82f3fc9d5661b8040ee4a43d68eef6b59fc7e33d57","lockfileHash":"28d5e35c724d15beea5a1e17526c98dd3f00102560ed2314af0d2b04c88180a2","packageManager":"bun","packages":[{"capabilities":{"filesystem":{"confidence":"rule","evidence":["default: no filesystem signals"],"status":"not-detected"},"lifecycleScripts":{"confidence":"rule","evidence":["default: scripts disabled by forge add"],"status":"not-detected"},"nativeAddon":{"confidence":"rule","evidence":["default: no native addon signals"],"status":"not-detected"},"network":{"confidence":"manual","evidence":["recipe:ai-provider-anthropic"],"status":"required","value":{"egress":["api.anthropic.com"]}},"process":{"confidence":"rule","evidence":["default: no process signals"],"status":"not-detected"},"secrets":[{"detectedFrom":"recipe","envVar":"ANTHROPIC_API_KEY","required":true}]},"contentChecksum":"993b38047fa6affbba7f0e20bd69f73e06fb1bde39c5d95b53ac015a29048ddc","generatedFiles":["src/forge/_generated/docs/ai-anthropic.md","src/forge/_generated/importGuards.json","src/forge/_generated/importGuards.ts","src/forge/_generated/packages/ai.anthropic.server.ts","src/forge/_generated/runtimeMatrix.json","src/forge/_generated/runtimeMatrix.ts","src/forge/_generated/testkits/ai.anthropic.mock.ts"],"name":"@ai-sdk/anthropic","recipeVersion":"1.0.0","runtimeContexts":["action","build","endpoint","server","test","workflow"],"secrets":[{"detectedFrom":"recipe","envVar":"ANTHROPIC_API_KEY","required":true}],"version":"3.0.84"},{"capabilities":{"filesystem":{"confidence":"rule","evidence":["default: no filesystem signals"],"status":"not-detected"},"lifecycleScripts":{"confidence":"rule","evidence":["default: scripts disabled by forge add"],"status":"not-detected"},"nativeAddon":{"confidence":"rule","evidence":["default: no native addon signals"],"status":"not-detected"},"network":{"confidence":"manual","evidence":["recipe:ai-provider-openai"],"status":"required","value":{"egress":["api.openai.com"]}},"process":{"confidence":"rule","evidence":["default: no process signals"],"status":"not-detected"},"secrets":[{"detectedFrom":"recipe","envVar":"OPENAI_API_KEY","required":true}]},"contentChecksum":"a2a72594f0510d465ce584e48d727ee1cf81167bd9ead273aa3c9efa4b36d6d3","generatedFiles":["src/forge/_generated/docs/ai-openai.md","src/forge/_generated/importGuards.json","src/forge/_generated/importGuards.ts","src/forge/_generated/packages/ai.openai.server.ts","src/forge/_generated/runtimeMatrix.json","src/forge/_generated/runtimeMatrix.ts","src/forge/_generated/testkits/ai.openai.mock.ts"],"name":"@ai-sdk/openai","recipeVersion":"1.0.0","runtimeContexts":["action","build","endpoint","server","test","workflow"],"secrets":[{"detectedFrom":"recipe","envVar":"OPENAI_API_KEY","required":true}],"version":"3.0.71"},{"capabilities":{"filesystem":{"confidence":"rule","evidence":["default: no filesystem signals"],"status":"not-detected"},"lifecycleScripts":{"confidence":"rule","evidence":["default: scripts disabled by forge add"],"status":"not-detected"},"nativeAddon":{"confidence":"rule","evidence":["default: no native addon signals"],"status":"not-detected"},"network":{"confidence":"manual","evidence":["recipe:ai-gateway"],"status":"required","value":{"egress":["gateway.ai.vercel.dev"]}},"process":{"confidence":"rule","evidence":["default: no process signals"],"status":"not-detected"},"secrets":[{"detectedFrom":"recipe","envVar":"AI_GATEWAY_API_KEY","required":true}]},"contentChecksum":"9e4b5cc5147dcb584435041fdc58cd11c5f528ceb9e75b79256f913314ad6ef6","generatedFiles":["src/forge/_generated/docs/ai-gateway.md","src/forge/_generated/importGuards.json","src/forge/_generated/importGuards.ts","src/forge/_generated/packages/ai.gateway.server.ts","src/forge/_generated/runtimeMatrix.json","src/forge/_generated/runtimeMatrix.ts","src/forge/_generated/testkits/ai.gateway.mock.ts"],"name":"ai","recipeVersion":"1.0.0","runtimeContexts":["action","build","endpoint","server","test","workflow"],"secrets":[{"detectedFrom":"recipe","envVar":"AI_GATEWAY_API_KEY","required":true}],"version":"6.0.205"},{"capabilities":{"filesystem":{"confidence":"rule","evidence":["default: no filesystem signals"],"status":"not-detected"},"lifecycleScripts":{"confidence":"rule","evidence":["default: scripts disabled by forge add"],"status":"not-detected"},"nativeAddon":{"confidence":"rule","evidence":["default: no native addon signals"],"status":"not-detected"},"network":{"confidence":"rule","evidence":["default: no network signals"],"status":"not-detected"},"process":{"confidence":"rule","evidence":["default: no process signals"],"status":"not-detected"},"secrets":[]},"contentChecksum":"a20f302681066a950cc7d37bb9ecee4e8653caae6735d64c43b20128c0f951ed","generatedFiles":["src/forge/_generated/docs/zod.md","src/forge/_generated/importGuards.json","src/forge/_generated/importGuards.ts","src/forge/_generated/packages/zod.shared.ts","src/forge/_generated/runtimeMatrix.json","src/forge/_generated/runtimeMatrix.ts","src/forge/_generated/testkits/zod.mock.ts"],"name":"zod","recipeVersion":"2.0.0","runtimeContexts":["action","build","client","command","edge","endpoint","liveQuery","query","server","shared","test","workflow"],"secrets":[],"version":"3.25.76"}],"recipeVersion":"1.0.0","schemaVersion":"1.0.0"}
