{"analyzerVersion":"0.2.0","generatorVersion":"0.1.0-alpha.8","inputHash":"3fb619bf835f25bb4ff97aa048ec14e2b5079a13c310f91d21f362a0ba16ae7d","lockfileHash":"cf6d2998d2d1d73f43a5a159c2f643281c2376715e4f7416d4e2fede13662621","packageManager":"bun","packages":[{"capabilities":{"filesystem":{"confidence":"rule","evidence":["default: no filesystem signals"],"status":"not-detected"},"lifecycleScripts":{"confidence":"rule","evidence":["default: scripts disabled by forge add"],"status":"not-detected"},"nativeAddon":{"confidence":"rule","evidence":["default: no native addon signals"],"status":"not-detected"},"network":{"confidence":"manual","evidence":["recipe:ai-provider-anthropic"],"status":"required","value":{"egress":["api.anthropic.com"]}},"process":{"confidence":"rule","evidence":["default: no process signals"],"status":"not-detected"},"secrets":[{"detectedFrom":"recipe","envVar":"ANTHROPIC_API_KEY","required":true}]},"contentChecksum":"993b38047fa6affbba7f0e20bd69f73e06fb1bde39c5d95b53ac015a29048ddc","generatedFiles":[],"name":"@ai-sdk/anthropic","recipeVersion":"1.0.0","runtimeContexts":["action","build","endpoint","server","test","workflow"],"secrets":[{"detectedFrom":"recipe","envVar":"ANTHROPIC_API_KEY","required":true}],"version":"3.0.84"},{"capabilities":{"filesystem":{"confidence":"rule","evidence":["default: no filesystem signals"],"status":"not-detected"},"lifecycleScripts":{"confidence":"rule","evidence":["default: scripts disabled by forge add"],"status":"not-detected"},"nativeAddon":{"confidence":"rule","evidence":["default: no native addon signals"],"status":"not-detected"},"network":{"confidence":"manual","evidence":["recipe:ai-provider-openai"],"status":"required","value":{"egress":["api.openai.com"]}},"process":{"confidence":"rule","evidence":["default: no process signals"],"status":"not-detected"},"secrets":[{"detectedFrom":"recipe","envVar":"OPENAI_API_KEY","required":true}]},"contentChecksum":"a2a72594f0510d465ce584e48d727ee1cf81167bd9ead273aa3c9efa4b36d6d3","generatedFiles":[],"name":"@ai-sdk/openai","recipeVersion":"1.0.0","runtimeContexts":["action","build","endpoint","server","test","workflow"],"secrets":[{"detectedFrom":"recipe","envVar":"OPENAI_API_KEY","required":true}],"version":"3.0.71"},{"capabilities":{"filesystem":{"confidence":"rule","evidence":["default: no filesystem signals"],"status":"not-detected"},"lifecycleScripts":{"confidence":"rule","evidence":["default: scripts disabled by forge add"],"status":"not-detected"},"nativeAddon":{"confidence":"rule","evidence":["default: no native addon signals"],"status":"not-detected"},"network":{"confidence":"manual","evidence":["recipe:ai-gateway"],"status":"required","value":{"egress":["gateway.ai.vercel.dev"]}},"process":{"confidence":"rule","evidence":["default: no process signals"],"status":"not-detected"},"secrets":[{"detectedFrom":"recipe","envVar":"AI_GATEWAY_API_KEY","required":true}]},"contentChecksum":"9e4b5cc5147dcb584435041fdc58cd11c5f528ceb9e75b79256f913314ad6ef6","generatedFiles":[],"name":"ai","recipeVersion":"1.0.0","runtimeContexts":["action","build","endpoint","server","test","workflow"],"secrets":[{"detectedFrom":"recipe","envVar":"AI_GATEWAY_API_KEY","required":true}],"version":"6.0.205"},{"capabilities":{"filesystem":{"confidence":"rule","evidence":["default: no filesystem signals"],"status":"not-detected"},"lifecycleScripts":{"confidence":"rule","evidence":["default: scripts disabled by forge add"],"status":"not-detected"},"nativeAddon":{"confidence":"rule","evidence":["default: no native addon signals"],"status":"not-detected"},"network":{"confidence":"rule","evidence":["default: no network signals"],"status":"not-detected"},"process":{"confidence":"rule","evidence":["default: no process signals"],"status":"not-detected"},"secrets":[]},"contentChecksum":"e7f4f380ba113fcbf618715b152dde72f4d7f9118df30b4643902c7de7fdeafa","generatedFiles":[],"name":"zod","recipeVersion":"2.0.0","runtimeContexts":["action","build","client","command","edge","endpoint","liveQuery","query","server","shared","test","workflow"],"secrets":[],"version":"3.25.76"}],"recipeVersion":"1.0.0","schemaVersion":"1.0.0"}
