{"analyzerVersion":"0.1.0","generatorVersion":"0.0.0","inputHash":"bb5d0f225b6751ee6b500f8b46cfaa2b4674b5e3697378a505d47e65d797ba83","lockfileHash":"b2d00850fea9db48ad4f00922c39df53f0d85e7d39fd4fd4fa114fc77349c310","packageManager":"bun","packages":[{"capabilities":{"filesystem":{"confidence":"rule","evidence":["default: no filesystem signals"],"status":"not-detected"},"lifecycleScripts":{"confidence":"rule","evidence":["default: scripts disabled by forge add"],"status":"not-detected"},"nativeAddon":{"confidence":"rule","evidence":["default: no native addon signals"],"status":"not-detected"},"network":{"confidence":"manual","evidence":["recipe:ai-provider-anthropic"],"status":"required","value":{"egress":["api.anthropic.com"]}},"process":{"confidence":"rule","evidence":["default: no process signals"],"status":"not-detected"},"secrets":[{"detectedFrom":"recipe","envVar":"ANTHROPIC_API_KEY","required":true}]},"contentChecksum":"76709afba5d7c5dfb777121b30c5b5de6c3e6bd902941c73b35e5efc4446f748","generatedFiles":[],"name":"@ai-sdk/anthropic","recipeVersion":"1.0.0","runtimeContexts":["action","build","endpoint","server","test","workflow"],"secrets":[{"detectedFrom":"recipe","envVar":"ANTHROPIC_API_KEY","required":true}],"version":"2.0.81"},{"capabilities":{"filesystem":{"confidence":"rule","evidence":["default: no filesystem signals"],"status":"not-detected"},"lifecycleScripts":{"confidence":"rule","evidence":["default: scripts disabled by forge add"],"status":"not-detected"},"nativeAddon":{"confidence":"rule","evidence":["default: no native addon signals"],"status":"not-detected"},"network":{"confidence":"manual","evidence":["recipe:ai-provider-openai"],"status":"required","value":{"egress":["api.openai.com"]}},"process":{"confidence":"rule","evidence":["default: no process signals"],"status":"not-detected"},"secrets":[{"detectedFrom":"recipe","envVar":"OPENAI_API_KEY","required":true}]},"contentChecksum":"5a9cc5fdf0b45fa2545e14af2c9763e2a36db3b0febe40e56beecb20d8b65009","generatedFiles":[],"name":"@ai-sdk/openai","recipeVersion":"1.0.0","runtimeContexts":["action","build","endpoint","server","test","workflow"],"secrets":[{"detectedFrom":"recipe","envVar":"OPENAI_API_KEY","required":true}],"version":"2.0.106"},{"capabilities":{"filesystem":{"confidence":"rule","evidence":["default: no filesystem signals"],"status":"not-detected"},"lifecycleScripts":{"confidence":"rule","evidence":["default: scripts disabled by forge add"],"status":"not-detected"},"nativeAddon":{"confidence":"rule","evidence":["default: no native addon signals"],"status":"not-detected"},"network":{"confidence":"manual","evidence":["recipe:ai-gateway"],"status":"required","value":{"egress":["gateway.ai.vercel.dev"]}},"process":{"confidence":"rule","evidence":["default: no process signals"],"status":"not-detected"},"secrets":[{"detectedFrom":"recipe","envVar":"AI_GATEWAY_API_KEY","required":true}]},"contentChecksum":"299e9649fae47e3b591cedf003d2f3d15e14f5c91b23a836b6d8caf9f0d59c00","generatedFiles":[],"name":"ai","recipeVersion":"1.0.0","runtimeContexts":["action","build","endpoint","server","test","workflow"],"secrets":[{"detectedFrom":"recipe","envVar":"AI_GATEWAY_API_KEY","required":true}],"version":"5.0.197"},{"capabilities":{"filesystem":{"confidence":"rule","evidence":["default: no filesystem signals"],"status":"not-detected"},"lifecycleScripts":{"confidence":"rule","evidence":["default: scripts disabled by forge add"],"status":"not-detected"},"nativeAddon":{"confidence":"rule","evidence":["default: no native addon signals"],"status":"not-detected"},"network":{"confidence":"rule","evidence":["default: no network signals"],"status":"not-detected"},"process":{"confidence":"rule","evidence":["default: no process signals"],"status":"not-detected"},"secrets":[]},"contentChecksum":"f10850d4595e803c041713bb1099bcfccec366eea2d450f0ea42ceba1ab4f7f6","generatedFiles":[],"name":"zod","recipeVersion":"2.0.0","runtimeContexts":["action","build","client","command","edge","endpoint","liveQuery","query","server","shared","test","workflow"],"secrets":[],"version":"3.25.76"}],"recipeVersion":"1.0.0","schemaVersion":"1.0.0"}
