{"analyzerVersion":"0.1.1","generatorVersion":"0.0.0","inputHash":"sample-input-hash","lockfileHash":"sample-lockfile-hash","packageManager":"bun","packages":[{"capabilities":{"filesystem":{"confidence":"rule","evidence":["default: no filesystem signals"],"status":"not-detected"},"lifecycleScripts":{"confidence":"rule","evidence":["default: scripts disabled by forge add"],"status":"not-detected"},"nativeAddon":{"confidence":"rule","evidence":["default: no native addon signals"],"status":"not-detected"},"network":{"confidence":"rule","evidence":["default: no network signals"],"status":"not-detected"},"process":{"confidence":"rule","evidence":["default: no process signals"],"status":"not-detected"},"secrets":[]},"contentChecksum":"zod-checksum","generatedFiles":["src/forge/_generated/packages/zod.shared.ts"],"name":"zod","recipeVersion":"1","runtimeContexts":["server","shared"],"secrets":[],"version":"3.24.1"}],"recipeVersion":"1","schemaVersion":"1.0.0"}
