{"analyzerVersion":"0.1.0","generatorVersion":"0.0.0","inputHash":"9255ba138ae80878f8ea821fed168d05fd040cb5d5f09ec1dae92c86cfbdf974","lockfileHash":"","packageManager":"bun","packages":[{"capabilities":{"filesystem":{"confidence":"rule","evidence":["default: no filesystem signals"],"status":"not-detected"},"lifecycleScripts":{"confidence":"rule","evidence":["default: scripts disabled by forge add"],"status":"not-detected"},"nativeAddon":{"confidence":"rule","evidence":["default: no native addon signals"],"status":"not-detected"},"network":{"confidence":"manual","evidence":["recipe:posthog"],"status":"required","value":{"egress":["*.posthog.com","us.i.posthog.com","eu.i.posthog.com"]}},"process":{"confidence":"rule","evidence":["default: no process signals"],"status":"not-detected"},"secrets":[{"detectedFrom":"recipe","envVar":"NEXT_PUBLIC_POSTHOG_KEY","required":true},{"detectedFrom":"recipe","envVar":"POSTHOG_HOST","required":false},{"detectedFrom":"recipe","envVar":"POSTHOG_KEY","required":true}]},"contentChecksum":"77bd175e195241c811e9cd42aefadd448025205814e75216f52cf7439d3de295","generatedFiles":[],"name":"posthog-js","recipeVersion":"2.0.0","runtimeContexts":["build","client","shared","test"],"secrets":[{"detectedFrom":"recipe","envVar":"NEXT_PUBLIC_POSTHOG_KEY","required":true},{"detectedFrom":"recipe","envVar":"POSTHOG_HOST","required":false},{"detectedFrom":"recipe","envVar":"POSTHOG_KEY","required":true}],"version":"1.200.0"},{"capabilities":{"filesystem":{"confidence":"rule","evidence":["default: no filesystem signals"],"status":"not-detected"},"lifecycleScripts":{"confidence":"rule","evidence":["default: scripts disabled by forge add"],"status":"not-detected"},"nativeAddon":{"confidence":"rule","evidence":["default: no native addon signals"],"status":"not-detected"},"network":{"confidence":"manual","evidence":["recipe:posthog"],"status":"required","value":{"egress":["*.posthog.com","us.i.posthog.com","eu.i.posthog.com"]}},"process":{"confidence":"rule","evidence":["default: no process signals"],"status":"not-detected"},"secrets":[{"detectedFrom":"recipe","envVar":"NEXT_PUBLIC_POSTHOG_KEY","required":true},{"detectedFrom":"recipe","envVar":"POSTHOG_HOST","required":false},{"detectedFrom":"recipe","envVar":"POSTHOG_KEY","required":true}]},"contentChecksum":"e4afdc1eff92dc216ad50445bc7e7dc7359ee3184232f6d089ea9db1b8d238e2","generatedFiles":[],"name":"posthog-node","recipeVersion":"2.0.0","runtimeContexts":["action","endpoint","server","workflow"],"secrets":[{"detectedFrom":"recipe","envVar":"NEXT_PUBLIC_POSTHOG_KEY","required":true},{"detectedFrom":"recipe","envVar":"POSTHOG_HOST","required":false},{"detectedFrom":"recipe","envVar":"POSTHOG_KEY","required":true}],"version":"4.0.0"},{"capabilities":{"filesystem":{"confidence":"rule","evidence":["default: no filesystem signals"],"status":"not-detected"},"lifecycleScripts":{"confidence":"rule","evidence":["default: scripts disabled by forge add"],"status":"not-detected"},"nativeAddon":{"confidence":"rule","evidence":["default: no native addon signals"],"status":"not-detected"},"network":{"confidence":"manual","evidence":["recipe:stripe"],"status":"required","value":{"egress":["api.stripe.com"]}},"process":{"confidence":"rule","evidence":["default: no process signals"],"status":"not-detected"},"secrets":[{"detectedFrom":"recipe","envVar":"STRIPE_SECRET_KEY","required":true},{"detectedFrom":"recipe","envVar":"STRIPE_WEBHOOK_SECRET","required":true}]},"contentChecksum":"6e81a334448cc1202470789be594d895b1cae1d73087cfa493aff69d9df3e44a","generatedFiles":[],"name":"stripe","recipeVersion":"2.0.0","runtimeContexts":["action","endpoint","server","workflow"],"secrets":[{"detectedFrom":"recipe","envVar":"STRIPE_SECRET_KEY","required":true},{"detectedFrom":"recipe","envVar":"STRIPE_WEBHOOK_SECRET","required":true}],"version":"17.0.0"},{"capabilities":{"filesystem":{"confidence":"rule","evidence":["default: no filesystem signals"],"status":"not-detected"},"lifecycleScripts":{"confidence":"rule","evidence":["default: scripts disabled by forge add"],"status":"not-detected"},"nativeAddon":{"confidence":"rule","evidence":["default: no native addon signals"],"status":"not-detected"},"network":{"confidence":"rule","evidence":["default: no network signals"],"status":"not-detected"},"process":{"confidence":"rule","evidence":["default: no process signals"],"status":"not-detected"},"secrets":[]},"contentChecksum":"8023e5283b33fe13f61cf167006f436850273ea14494b44c4f695a893ec0c9f8","generatedFiles":[],"name":"zod","recipeVersion":"2.0.0","runtimeContexts":["action","build","client","command","edge","endpoint","liveQuery","query","server","shared","test","workflow"],"secrets":[],"version":"3.24.0"}],"recipeVersion":"2.0.0","schemaVersion":"1.0.0"}
