{"analyzerVersion":"0.1.0","generatorVersion":"0.0.0","inputHash":"54f3f6b66f87a575bff2d09c80de50b1bfca193d6bbbd7adb6204ec0df01c245","lockfileHash":"2306129e9c29df465b3b3568218fb41184d5179fe86186b09c5e4a007ef3e219","packageManager":"bun","packages":[{"capabilities":{"filesystem":{"confidence":"rule","evidence":["default: no filesystem signals"],"status":"not-detected"},"lifecycleScripts":{"confidence":"rule","evidence":["default: scripts disabled by forge add"],"status":"not-detected"},"nativeAddon":{"confidence":"rule","evidence":["default: no native addon signals"],"status":"not-detected"},"network":{"confidence":"manual","evidence":["recipe:posthog"],"status":"required","value":{"egress":["*.posthog.com","us.i.posthog.com","eu.i.posthog.com"]}},"process":{"confidence":"rule","evidence":["default: no process signals"],"status":"not-detected"},"secrets":[{"detectedFrom":"recipe","envVar":"NEXT_PUBLIC_POSTHOG_KEY","required":true},{"detectedFrom":"recipe","envVar":"POSTHOG_HOST","required":false},{"detectedFrom":"recipe","envVar":"POSTHOG_KEY","required":true}]},"contentChecksum":"b603432fc242b6f5d4967eb56d49c06fbc9dfdb91cceb155f6e5aedd3e29b558","generatedFiles":[],"name":"posthog-js","recipeVersion":"2.0.0","runtimeContexts":["build","client","shared","test"],"secrets":[{"detectedFrom":"recipe","envVar":"NEXT_PUBLIC_POSTHOG_KEY","required":true},{"detectedFrom":"recipe","envVar":"POSTHOG_HOST","required":false},{"detectedFrom":"recipe","envVar":"POSTHOG_KEY","required":true}],"version":"1.200.0"},{"capabilities":{"filesystem":{"confidence":"rule","evidence":["default: no filesystem signals"],"status":"not-detected"},"lifecycleScripts":{"confidence":"rule","evidence":["default: scripts disabled by forge add"],"status":"not-detected"},"nativeAddon":{"confidence":"rule","evidence":["default: no native addon signals"],"status":"not-detected"},"network":{"confidence":"manual","evidence":["recipe:posthog"],"status":"required","value":{"egress":["*.posthog.com","us.i.posthog.com","eu.i.posthog.com"]}},"process":{"confidence":"rule","evidence":["default: no process signals"],"status":"not-detected"},"secrets":[{"detectedFrom":"recipe","envVar":"NEXT_PUBLIC_POSTHOG_KEY","required":true},{"detectedFrom":"recipe","envVar":"POSTHOG_HOST","required":false},{"detectedFrom":"recipe","envVar":"POSTHOG_KEY","required":true}]},"contentChecksum":"4e0b282f013eb44f40681541a508b948bf6c654a6ca10141f67a41a77da849ac","generatedFiles":[],"name":"posthog-node","recipeVersion":"2.0.0","runtimeContexts":["action","endpoint","server","workflow"],"secrets":[{"detectedFrom":"recipe","envVar":"NEXT_PUBLIC_POSTHOG_KEY","required":true},{"detectedFrom":"recipe","envVar":"POSTHOG_HOST","required":false},{"detectedFrom":"recipe","envVar":"POSTHOG_KEY","required":true}],"version":"4.0.0"},{"capabilities":{"filesystem":{"confidence":"rule","evidence":["default: no filesystem signals"],"status":"not-detected"},"lifecycleScripts":{"confidence":"rule","evidence":["default: scripts disabled by forge add"],"status":"not-detected"},"nativeAddon":{"confidence":"rule","evidence":["default: no native addon signals"],"status":"not-detected"},"network":{"confidence":"manual","evidence":["recipe:stripe"],"status":"required","value":{"egress":["api.stripe.com"]}},"process":{"confidence":"rule","evidence":["default: no process signals"],"status":"not-detected"},"secrets":[{"detectedFrom":"recipe","envVar":"STRIPE_SECRET_KEY","required":true},{"detectedFrom":"recipe","envVar":"STRIPE_WEBHOOK_SECRET","required":true}]},"contentChecksum":"04eae7c5f9de33b5b7e5c4cfab41efa1bbc617cb3a479396b050ab2eb3fc82e4","generatedFiles":[],"name":"stripe","recipeVersion":"2.0.0","runtimeContexts":["action","endpoint","server","workflow"],"secrets":[{"detectedFrom":"recipe","envVar":"STRIPE_SECRET_KEY","required":true},{"detectedFrom":"recipe","envVar":"STRIPE_WEBHOOK_SECRET","required":true}],"version":"17.0.0"},{"capabilities":{"filesystem":{"confidence":"rule","evidence":["default: no filesystem signals"],"status":"not-detected"},"lifecycleScripts":{"confidence":"rule","evidence":["default: scripts disabled by forge add"],"status":"not-detected"},"nativeAddon":{"confidence":"rule","evidence":["default: no native addon signals"],"status":"not-detected"},"network":{"confidence":"rule","evidence":["default: no network signals"],"status":"not-detected"},"process":{"confidence":"rule","evidence":["default: no process signals"],"status":"not-detected"},"secrets":[]},"contentChecksum":"a4ef1efb7adef888bd53f78f70323eb0f76cb73102a38062bd671b9091c746bb","generatedFiles":[],"name":"zod","recipeVersion":"2.0.0","runtimeContexts":["action","build","client","command","edge","endpoint","liveQuery","query","server","shared","test","workflow"],"secrets":[],"version":"3.24.0"}],"recipeVersion":"2.0.0","schemaVersion":"1.0.0"}
